
Microsoft Visual Studio Solution File, Format Version 12.00
# Visual Studio 2012
Project("{8BC9CEB8-8B4A-11D0-8D11-00A0C91BC942}") = "BlobsDetection", "Prof.vcxproj", "{A0A2F427-CCF1-42AF-9706-EC3C4B30B85C}"
EndProject
Project("{FAE04EC0-301F-11D3-BF4B-00C04F79EFBC}") = "Wizard_Demo", "..\Wizard_Demo\Wizard_Demo.csproj", "{7197D102-9AD0-40D8-8B85-B0216C82C5D4}"
EndProject
Project("{FAE04EC0-301F-11D3-BF4B-00C04F79EFBC}") = "Orco_Configuration", "..\Orco_Configuration\Orco_Configuration.csproj", "{3E0F7C46-F61C-4D53-831D-C0D91BE08DF8}"
EndProject
Project("{6141683F-8A12-4E36-9623-2EB02B2C2303}") = "SetupOrco", "..\SetupOrco\SetupOrco.isproj", "{3452DBCF-19B3-46CF-953B-F9B2F2495296}"
	ProjectSection(ProjectDependencies) = postProject
		{A0A2F427-CCF1-42AF-9706-EC3C4B30B85C} = {A0A2F427-CCF1-42AF-9706-EC3C4B30B85C}
		{3E0F7C46-F61C-4D53-831D-C0D91BE08DF8} = {3E0F7C46-F61C-4D53-831D-C0D91BE08DF8}
	EndProjectSection
EndProject
Global
	GlobalSection(SolutionConfigurationPlatforms) = preSolution
		CD_ROM|Any CPU = CD_ROM|Any CPU
		CD_ROM|Mixed Platforms = CD_ROM|Mixed Platforms
		CD_ROM|Win32 = CD_ROM|Win32
		CD_ROM|x64 = CD_ROM|x64
		CD_ROM|x86 = CD_ROM|x86
		Debug|Any CPU = Debug|Any CPU
		Debug|Mixed Platforms = Debug|Mixed Platforms
		Debug|Win32 = Debug|Win32
		Debug|x64 = Debug|x64
		Debug|x86 = Debug|x86
		DVD-5|Any CPU = DVD-5|Any CPU
		DVD-5|Mixed Platforms = DVD-5|Mixed Platforms
		DVD-5|Win32 = DVD-5|Win32
		DVD-5|x64 = DVD-5|x64
		DVD-5|x86 = DVD-5|x86
		Release|Any CPU = Release|Any CPU
		Release|Mixed Platforms = Release|Mixed Platforms
		Release|Win32 = Release|Win32
		Release|x64 = Release|x64
		Release|x86 = Release|x86
		SingleImage|Any CPU = SingleImage|Any CPU
		SingleImage|Mixed Platforms = SingleImage|Mixed Platforms
		SingleImage|Win32 = SingleImage|Win32
		SingleImage|x64 = SingleImage|x64
		SingleImage|x86 = SingleImage|x86
	EndGlobalSection
	GlobalSection(ProjectConfigurationPlatforms) = postSolution
		{A0A2F427-CCF1-42AF-9706-EC3C4B30B85C}.CD_ROM|Any CPU.ActiveCfg = Release|Win32
		{A0A2F427-CCF1-42AF-9706-EC3C4B30B85C}.CD_ROM|Mixed Platforms.ActiveCfg = Release|Win32
		{A0A2F427-CCF1-42AF-9706-EC3C4B30B85C}.CD_ROM|Mixed Platforms.Build.0 = Release|Win32
		{A0A2F427-CCF1-42AF-9706-EC3C4B30B85C}.CD_ROM|Win32.ActiveCfg = Release|Win32
		{A0A2F427-CCF1-42AF-9706-EC3C4B30B85C}.CD_ROM|Win32.Build.0 = Release|Win32
		{A0A2F427-CCF1-42AF-9706-EC3C4B30B85C}.CD_ROM|x64.ActiveCfg = Release|x64
		{A0A2F427-CCF1-42AF-9706-EC3C4B30B85C}.CD_ROM|x64.Build.0 = Release|x64
		{A0A2F427-CCF1-42AF-9706-EC3C4B30B85C}.CD_ROM|x86.ActiveCfg = Release|Win32
		{A0A2F427-CCF1-42AF-9706-EC3C4B30B85C}.CD_ROM|x86.Build.0 = Release|Win32
		{A0A2F427-CCF1-42AF-9706-EC3C4B30B85C}.Debug|Any CPU.ActiveCfg = Debug|Win32
		{A0A2F427-CCF1-42AF-9706-EC3C4B30B85C}.Debug|Mixed Platforms.ActiveCfg = Debug|Win32
		{A0A2F427-CCF1-42AF-9706-EC3C4B30B85C}.Debug|Mixed Platforms.Build.0 = Debug|Win32
		{A0A2F427-CCF1-42AF-9706-EC3C4B30B85C}.Debug|Win32.ActiveCfg = Debug|Win32
		{A0A2F427-CCF1-42AF-9706-EC3C4B30B85C}.Debug|Win32.Build.0 = Debug|Win32
		{A0A2F427-CCF1-42AF-9706-EC3C4B30B85C}.Debug|x64.ActiveCfg = Debug|Win32
		{A0A2F427-CCF1-42AF-9706-EC3C4B30B85C}.Debug|x64.Build.0 = Debug|Win32
		{A0A2F427-CCF1-42AF-9706-EC3C4B30B85C}.Debug|x86.ActiveCfg = Debug|Win32
		{A0A2F427-CCF1-42AF-9706-EC3C4B30B85C}.Debug|x86.Build.0 = Debug|Win32
		{A0A2F427-CCF1-42AF-9706-EC3C4B30B85C}.DVD-5|Any CPU.ActiveCfg = Debug|Win32
		{A0A2F427-CCF1-42AF-9706-EC3C4B30B85C}.DVD-5|Mixed Platforms.ActiveCfg = Debug|Win32
		{A0A2F427-CCF1-42AF-9706-EC3C4B30B85C}.DVD-5|Mixed Platforms.Build.0 = Debug|Win32
		{A0A2F427-CCF1-42AF-9706-EC3C4B30B85C}.DVD-5|Win32.ActiveCfg = Debug|Win32
		{A0A2F427-CCF1-42AF-9706-EC3C4B30B85C}.DVD-5|Win32.Build.0 = Debug|Win32
		{A0A2F427-CCF1-42AF-9706-EC3C4B30B85C}.DVD-5|x64.ActiveCfg = Debug|x64
		{A0A2F427-CCF1-42AF-9706-EC3C4B30B85C}.DVD-5|x64.Build.0 = Debug|x64
		{A0A2F427-CCF1-42AF-9706-EC3C4B30B85C}.DVD-5|x86.ActiveCfg = Debug|Win32
		{A0A2F427-CCF1-42AF-9706-EC3C4B30B85C}.DVD-5|x86.Build.0 = Debug|Win32
		{A0A2F427-CCF1-42AF-9706-EC3C4B30B85C}.Release|Any CPU.ActiveCfg = Release|Win32
		{A0A2F427-CCF1-42AF-9706-EC3C4B30B85C}.Release|Mixed Platforms.ActiveCfg = Release|Win32
		{A0A2F427-CCF1-42AF-9706-EC3C4B30B85C}.Release|Mixed Platforms.Build.0 = Release|Win32
		{A0A2F427-CCF1-42AF-9706-EC3C4B30B85C}.Release|Win32.ActiveCfg = Release|Win32
		{A0A2F427-CCF1-42AF-9706-EC3C4B30B85C}.Release|Win32.Build.0 = Release|Win32
		{A0A2F427-CCF1-42AF-9706-EC3C4B30B85C}.Release|x64.ActiveCfg = Release|Win32
		{A0A2F427-CCF1-42AF-9706-EC3C4B30B85C}.Release|x86.ActiveCfg = Release|Win32
		{A0A2F427-CCF1-42AF-9706-EC3C4B30B85C}.Release|x86.Build.0 = Release|Win32
		{A0A2F427-CCF1-42AF-9706-EC3C4B30B85C}.Release|x86.Deploy.0 = Release|Win32
		{A0A2F427-CCF1-42AF-9706-EC3C4B30B85C}.SingleImage|Any CPU.ActiveCfg = Release|Win32
		{A0A2F427-CCF1-42AF-9706-EC3C4B30B85C}.SingleImage|Mixed Platforms.ActiveCfg = Release|Win32
		{A0A2F427-CCF1-42AF-9706-EC3C4B30B85C}.SingleImage|Mixed Platforms.Build.0 = Release|Win32
		{A0A2F427-CCF1-42AF-9706-EC3C4B30B85C}.SingleImage|Win32.ActiveCfg = Release|Win32
		{A0A2F427-CCF1-42AF-9706-EC3C4B30B85C}.SingleImage|Win32.Build.0 = Release|Win32
		{A0A2F427-CCF1-42AF-9706-EC3C4B30B85C}.SingleImage|x64.ActiveCfg = Release|x64
		{A0A2F427-CCF1-42AF-9706-EC3C4B30B85C}.SingleImage|x64.Build.0 = Release|x64
		{A0A2F427-CCF1-42AF-9706-EC3C4B30B85C}.SingleImage|x86.ActiveCfg = Release|Win32
		{A0A2F427-CCF1-42AF-9706-EC3C4B30B85C}.SingleImage|x86.Build.0 = Release|Win32
		{7197D102-9AD0-40D8-8B85-B0216C82C5D4}.CD_ROM|Any CPU.ActiveCfg = Release|Any CPU
		{7197D102-9AD0-40D8-8B85-B0216C82C5D4}.CD_ROM|Any CPU.Build.0 = Release|Any CPU
		{7197D102-9AD0-40D8-8B85-B0216C82C5D4}.CD_ROM|Mixed Platforms.ActiveCfg = Release|Any CPU
		{7197D102-9AD0-40D8-8B85-B0216C82C5D4}.CD_ROM|Mixed Platforms.Build.0 = Release|Any CPU
		{7197D102-9AD0-40D8-8B85-B0216C82C5D4}.CD_ROM|Win32.ActiveCfg = Release|Any CPU
		{7197D102-9AD0-40D8-8B85-B0216C82C5D4}.CD_ROM|x64.ActiveCfg = Release|Any CPU
		{7197D102-9AD0-40D8-8B85-B0216C82C5D4}.CD_ROM|x86.ActiveCfg = Release|Any CPU
		{7197D102-9AD0-40D8-8B85-B0216C82C5D4}.Debug|Any CPU.ActiveCfg = Debug|Any CPU
		{7197D102-9AD0-40D8-8B85-B0216C82C5D4}.Debug|Any CPU.Build.0 = Debug|Any CPU
		{7197D102-9AD0-40D8-8B85-B0216C82C5D4}.Debug|Mixed Platforms.ActiveCfg = Debug|Any CPU
		{7197D102-9AD0-40D8-8B85-B0216C82C5D4}.Debug|Mixed Platforms.Build.0 = Debug|Any CPU
		{7197D102-9AD0-40D8-8B85-B0216C82C5D4}.Debug|Win32.ActiveCfg = Debug|Any CPU
		{7197D102-9AD0-40D8-8B85-B0216C82C5D4}.Debug|x64.ActiveCfg = Debug|Any CPU
		{7197D102-9AD0-40D8-8B85-B0216C82C5D4}.Debug|x64.Build.0 = Debug|Any CPU
		{7197D102-9AD0-40D8-8B85-B0216C82C5D4}.Debug|x86.ActiveCfg = Debug|Any CPU
		{7197D102-9AD0-40D8-8B85-B0216C82C5D4}.DVD-5|Any CPU.ActiveCfg = Debug|Any CPU
		{7197D102-9AD0-40D8-8B85-B0216C82C5D4}.DVD-5|Any CPU.Build.0 = Debug|Any CPU
		{7197D102-9AD0-40D8-8B85-B0216C82C5D4}.DVD-5|Mixed Platforms.ActiveCfg = Debug|Any CPU
		{7197D102-9AD0-40D8-8B85-B0216C82C5D4}.DVD-5|Mixed Platforms.Build.0 = Debug|Any CPU
		{7197D102-9AD0-40D8-8B85-B0216C82C5D4}.DVD-5|Win32.ActiveCfg = Debug|Any CPU
		{7197D102-9AD0-40D8-8B85-B0216C82C5D4}.DVD-5|x64.ActiveCfg = Debug|Any CPU
		{7197D102-9AD0-40D8-8B85-B0216C82C5D4}.DVD-5|x86.ActiveCfg = Debug|Any CPU
		{7197D102-9AD0-40D8-8B85-B0216C82C5D4}.Release|Any CPU.ActiveCfg = Release|Any CPU
		{7197D102-9AD0-40D8-8B85-B0216C82C5D4}.Release|Any CPU.Build.0 = Release|Any CPU
		{7197D102-9AD0-40D8-8B85-B0216C82C5D4}.Release|Mixed Platforms.ActiveCfg = Release|Any CPU
		{7197D102-9AD0-40D8-8B85-B0216C82C5D4}.Release|Mixed Platforms.Build.0 = Release|Any CPU
		{7197D102-9AD0-40D8-8B85-B0216C82C5D4}.Release|Win32.ActiveCfg = Release|Any CPU
		{7197D102-9AD0-40D8-8B85-B0216C82C5D4}.Release|x64.ActiveCfg = Release|Any CPU
		{7197D102-9AD0-40D8-8B85-B0216C82C5D4}.Release|x86.ActiveCfg = Release|Any CPU
		{7197D102-9AD0-40D8-8B85-B0216C82C5D4}.SingleImage|Any CPU.ActiveCfg = Release|Any CPU
		{7197D102-9AD0-40D8-8B85-B0216C82C5D4}.SingleImage|Any CPU.Build.0 = Release|Any CPU
		{7197D102-9AD0-40D8-8B85-B0216C82C5D4}.SingleImage|Mixed Platforms.ActiveCfg = Release|Any CPU
		{7197D102-9AD0-40D8-8B85-B0216C82C5D4}.SingleImage|Mixed Platforms.Build.0 = Release|Any CPU
		{7197D102-9AD0-40D8-8B85-B0216C82C5D4}.SingleImage|Win32.ActiveCfg = Release|Any CPU
		{7197D102-9AD0-40D8-8B85-B0216C82C5D4}.SingleImage|x64.ActiveCfg = Release|Any CPU
		{7197D102-9AD0-40D8-8B85-B0216C82C5D4}.SingleImage|x86.ActiveCfg = Release|Any CPU
		{3E0F7C46-F61C-4D53-831D-C0D91BE08DF8}.CD_ROM|Any CPU.ActiveCfg = Release|Any CPU
		{3E0F7C46-F61C-4D53-831D-C0D91BE08DF8}.CD_ROM|Any CPU.Build.0 = Release|Any CPU
		{3E0F7C46-F61C-4D53-831D-C0D91BE08DF8}.CD_ROM|Mixed Platforms.ActiveCfg = Release|x86
		{3E0F7C46-F61C-4D53-831D-C0D91BE08DF8}.CD_ROM|Mixed Platforms.Build.0 = Release|x86
		{3E0F7C46-F61C-4D53-831D-C0D91BE08DF8}.CD_ROM|Win32.ActiveCfg = Release|x86
		{3E0F7C46-F61C-4D53-831D-C0D91BE08DF8}.CD_ROM|Win32.Build.0 = Release|x86
		{3E0F7C46-F61C-4D53-831D-C0D91BE08DF8}.CD_ROM|x64.ActiveCfg = Release|Any CPU
		{3E0F7C46-F61C-4D53-831D-C0D91BE08DF8}.CD_ROM|x86.ActiveCfg = Release|x86
		{3E0F7C46-F61C-4D53-831D-C0D91BE08DF8}.CD_ROM|x86.Build.0 = Release|x86
		{3E0F7C46-F61C-4D53-831D-C0D91BE08DF8}.Debug|Any CPU.ActiveCfg = Debug|Any CPU
		{3E0F7C46-F61C-4D53-831D-C0D91BE08DF8}.Debug|Any CPU.Build.0 = Debug|Any CPU
		{3E0F7C46-F61C-4D53-831D-C0D91BE08DF8}.Debug|Mixed Platforms.ActiveCfg = Debug|Any CPU
		{3E0F7C46-F61C-4D53-831D-C0D91BE08DF8}.Debug|Mixed Platforms.Build.0 = Debug|Any CPU
		{3E0F7C46-F61C-4D53-831D-C0D91BE08DF8}.Debug|Win32.ActiveCfg = Debug|Any CPU
		{3E0F7C46-F61C-4D53-831D-C0D91BE08DF8}.Debug|x64.ActiveCfg = Debug|Any CPU
		{3E0F7C46-F61C-4D53-831D-C0D91BE08DF8}.Debug|x86.ActiveCfg = Debug|x86
		{3E0F7C46-F61C-4D53-831D-C0D91BE08DF8}.Debug|x86.Build.0 = Debug|x86
		{3E0F7C46-F61C-4D53-831D-C0D91BE08DF8}.DVD-5|Any CPU.ActiveCfg = Debug|Any CPU
		{3E0F7C46-F61C-4D53-831D-C0D91BE08DF8}.DVD-5|Any CPU.Build.0 = Debug|Any CPU
		{3E0F7C46-F61C-4D53-831D-C0D91BE08DF8}.DVD-5|Mixed Platforms.ActiveCfg = Debug|x86
		{3E0F7C46-F61C-4D53-831D-C0D91BE08DF8}.DVD-5|Mixed Platforms.Build.0 = Debug|x86
		{3E0F7C46-F61C-4D53-831D-C0D91BE08DF8}.DVD-5|Win32.ActiveCfg = Debug|x86
		{3E0F7C46-F61C-4D53-831D-C0D91BE08DF8}.DVD-5|Win32.Build.0 = Debug|x86
		{3E0F7C46-F61C-4D53-831D-C0D91BE08DF8}.DVD-5|x64.ActiveCfg = Debug|Any CPU
		{3E0F7C46-F61C-4D53-831D-C0D91BE08DF8}.DVD-5|x86.ActiveCfg = Debug|x86
		{3E0F7C46-F61C-4D53-831D-C0D91BE08DF8}.DVD-5|x86.Build.0 = Debug|x86
		{3E0F7C46-F61C-4D53-831D-C0D91BE08DF8}.Release|Any CPU.ActiveCfg = Release|Any CPU
		{3E0F7C46-F61C-4D53-831D-C0D91BE08DF8}.Release|Any CPU.Build.0 = Release|Any CPU
		{3E0F7C46-F61C-4D53-831D-C0D91BE08DF8}.Release|Mixed Platforms.ActiveCfg = Release|Any CPU
		{3E0F7C46-F61C-4D53-831D-C0D91BE08DF8}.Release|Mixed Platforms.Build.0 = Release|Any CPU
		{3E0F7C46-F61C-4D53-831D-C0D91BE08DF8}.Release|Win32.ActiveCfg = Release|Any CPU
		{3E0F7C46-F61C-4D53-831D-C0D91BE08DF8}.Release|x64.ActiveCfg = Release|Any CPU
		{3E0F7C46-F61C-4D53-831D-C0D91BE08DF8}.Release|x86.ActiveCfg = Release|x86
		{3E0F7C46-F61C-4D53-831D-C0D91BE08DF8}.Release|x86.Build.0 = Release|x86
		{3E0F7C46-F61C-4D53-831D-C0D91BE08DF8}.SingleImage|Any CPU.ActiveCfg = Release|Any CPU
		{3E0F7C46-F61C-4D53-831D-C0D91BE08DF8}.SingleImage|Any CPU.Build.0 = Release|Any CPU
		{3E0F7C46-F61C-4D53-831D-C0D91BE08DF8}.SingleImage|Mixed Platforms.ActiveCfg = Release|x86
		{3E0F7C46-F61C-4D53-831D-C0D91BE08DF8}.SingleImage|Mixed Platforms.Build.0 = Release|x86
		{3E0F7C46-F61C-4D53-831D-C0D91BE08DF8}.SingleImage|Win32.ActiveCfg = Release|x86
		{3E0F7C46-F61C-4D53-831D-C0D91BE08DF8}.SingleImage|Win32.Build.0 = Release|x86
		{3E0F7C46-F61C-4D53-831D-C0D91BE08DF8}.SingleImage|x64.ActiveCfg = Release|Any CPU
		{3E0F7C46-F61C-4D53-831D-C0D91BE08DF8}.SingleImage|x86.ActiveCfg = Release|x86
		{3E0F7C46-F61C-4D53-831D-C0D91BE08DF8}.SingleImage|x86.Build.0 = Release|x86
		{3452DBCF-19B3-46CF-953B-F9B2F2495296}.CD_ROM|Any CPU.ActiveCfg = CD_ROM
		{3452DBCF-19B3-46CF-953B-F9B2F2495296}.CD_ROM|Any CPU.Build.0 = CD_ROM
		{3452DBCF-19B3-46CF-953B-F9B2F2495296}.CD_ROM|Mixed Platforms.ActiveCfg = CD_ROM
		{3452DBCF-19B3-46CF-953B-F9B2F2495296}.CD_ROM|Mixed Platforms.Build.0 = CD_ROM
		{3452DBCF-19B3-46CF-953B-F9B2F2495296}.CD_ROM|Win32.ActiveCfg = CD_ROM
		{3452DBCF-19B3-46CF-953B-F9B2F2495296}.CD_ROM|Win32.Build.0 = CD_ROM
		{3452DBCF-19B3-46CF-953B-F9B2F2495296}.CD_ROM|x64.ActiveCfg = CD_ROM
		{3452DBCF-19B3-46CF-953B-F9B2F2495296}.CD_ROM|x64.Build.0 = CD_ROM
		{3452DBCF-19B3-46CF-953B-F9B2F2495296}.CD_ROM|x86.ActiveCfg = CD_ROM
		{3452DBCF-19B3-46CF-953B-F9B2F2495296}.CD_ROM|x86.Build.0 = CD_ROM
		{3452DBCF-19B3-46CF-953B-F9B2F2495296}.Debug|Any CPU.ActiveCfg = DVD-5
		{3452DBCF-19B3-46CF-953B-F9B2F2495296}.Debug|Any CPU.Build.0 = DVD-5
		{3452DBCF-19B3-46CF-953B-F9B2F2495296}.Debug|Mixed Platforms.ActiveCfg = DVD-5
		{3452DBCF-19B3-46CF-953B-F9B2F2495296}.Debug|Mixed Platforms.Build.0 = DVD-5
		{3452DBCF-19B3-46CF-953B-F9B2F2495296}.Debug|Win32.ActiveCfg = DVD-5
		{3452DBCF-19B3-46CF-953B-F9B2F2495296}.Debug|Win32.Build.0 = DVD-5
		{3452DBCF-19B3-46CF-953B-F9B2F2495296}.Debug|x64.ActiveCfg = DVD-5
		{3452DBCF-19B3-46CF-953B-F9B2F2495296}.Debug|x64.Build.0 = DVD-5
		{3452DBCF-19B3-46CF-953B-F9B2F2495296}.Debug|x86.ActiveCfg = DVD-5
		{3452DBCF-19B3-46CF-953B-F9B2F2495296}.Debug|x86.Build.0 = DVD-5
		{3452DBCF-19B3-46CF-953B-F9B2F2495296}.DVD-5|Any CPU.ActiveCfg = DVD-5
		{3452DBCF-19B3-46CF-953B-F9B2F2495296}.DVD-5|Any CPU.Build.0 = DVD-5
		{3452DBCF-19B3-46CF-953B-F9B2F2495296}.DVD-5|Mixed Platforms.ActiveCfg = DVD-5
		{3452DBCF-19B3-46CF-953B-F9B2F2495296}.DVD-5|Mixed Platforms.Build.0 = DVD-5
		{3452DBCF-19B3-46CF-953B-F9B2F2495296}.DVD-5|Win32.ActiveCfg = DVD-5
		{3452DBCF-19B3-46CF-953B-F9B2F2495296}.DVD-5|Win32.Build.0 = DVD-5
		{3452DBCF-19B3-46CF-953B-F9B2F2495296}.DVD-5|x64.ActiveCfg = DVD-5
		{3452DBCF-19B3-46CF-953B-F9B2F2495296}.DVD-5|x64.Build.0 = DVD-5
		{3452DBCF-19B3-46CF-953B-F9B2F2495296}.DVD-5|x86.ActiveCfg = DVD-5
		{3452DBCF-19B3-46CF-953B-F9B2F2495296}.DVD-5|x86.Build.0 = DVD-5
		{3452DBCF-19B3-46CF-953B-F9B2F2495296}.Release|Any CPU.ActiveCfg = SingleImage
		{3452DBCF-19B3-46CF-953B-F9B2F2495296}.Release|Any CPU.Build.0 = SingleImage
		{3452DBCF-19B3-46CF-953B-F9B2F2495296}.Release|Mixed Platforms.ActiveCfg = SingleImage
		{3452DBCF-19B3-46CF-953B-F9B2F2495296}.Release|Mixed Platforms.Build.0 = SingleImage
		{3452DBCF-19B3-46CF-953B-F9B2F2495296}.Release|Win32.ActiveCfg = SingleImage
		{3452DBCF-19B3-46CF-953B-F9B2F2495296}.Release|Win32.Build.0 = SingleImage
		{3452DBCF-19B3-46CF-953B-F9B2F2495296}.Release|x64.ActiveCfg = SingleImage
		{3452DBCF-19B3-46CF-953B-F9B2F2495296}.Release|x64.Build.0 = SingleImage
		{3452DBCF-19B3-46CF-953B-F9B2F2495296}.Release|x86.ActiveCfg = SingleImage
		{3452DBCF-19B3-46CF-953B-F9B2F2495296}.Release|x86.Build.0 = SingleImage
		{3452DBCF-19B3-46CF-953B-F9B2F2495296}.SingleImage|Any CPU.ActiveCfg = SingleImage
		{3452DBCF-19B3-46CF-953B-F9B2F2495296}.SingleImage|Any CPU.Build.0 = SingleImage
		{3452DBCF-19B3-46CF-953B-F9B2F2495296}.SingleImage|Mixed Platforms.ActiveCfg = SingleImage
		{3452DBCF-19B3-46CF-953B-F9B2F2495296}.SingleImage|Mixed Platforms.Build.0 = SingleImage
		{3452DBCF-19B3-46CF-953B-F9B2F2495296}.SingleImage|Win32.ActiveCfg = SingleImage
		{3452DBCF-19B3-46CF-953B-F9B2F2495296}.SingleImage|Win32.Build.0 = SingleImage
		{3452DBCF-19B3-46CF-953B-F9B2F2495296}.SingleImage|x64.ActiveCfg = SingleImage
		{3452DBCF-19B3-46CF-953B-F9B2F2495296}.SingleImage|x64.Build.0 = SingleImage
		{3452DBCF-19B3-46CF-953B-F9B2F2495296}.SingleImage|x86.ActiveCfg = SingleImage
		{3452DBCF-19B3-46CF-953B-F9B2F2495296}.SingleImage|x86.Build.0 = SingleImage
	EndGlobalSection
	GlobalSection(SolutionProperties) = preSolution
		HideSolutionNode = FALSE
	EndGlobalSection
	GlobalSection(Performance) = preSolution
		HasPerformanceSessions = true
	EndGlobalSection
EndGlobal
